
Microsoft Visual Studio Solution File, Format Version 12.00
# Visual Studio 15
VisualStudioVersion = 15.0.28010.2050
MinimumVisualStudioVersion = 10.0.40219.1
Project("{FAE04EC0-301F-11D3-BF4B-00C04F79EFBC}") = "app.stack", "app.stack\app.stack.csproj", "{6EC0E93F-B373-4CD7-83A7-1F47586596DE}"
EndProject
Project("{FAE04EC0-301F-11D3-BF4B-00C04F79EFBC}") = "data.stack", "data.stack\data.stack.csproj", "{599096CC-1085-4563-9FF6-75F2D89FDA37}"
EndProject
Project("{FAE04EC0-301F-11D3-BF4B-00C04F79EFBC}") = "model.stack", "model.stack\model.stack.csproj", "{58B79657-7F28-4F11-BB29-810D37DC2D30}"
EndProject
Project("{FAE04EC0-301F-11D3-BF4B-00C04F79EFBC}") = "logic.stack", "logic.stack\logic.stack.csproj", "{866481AA-701B-4597-8E83-8367E2AF53A7}"
EndProject
Global
	GlobalSection(SolutionConfigurationPlatforms) = preSolution
		Debug|Any CPU = Debug|Any CPU
		Release|Any CPU = Release|Any CPU
	EndGlobalSection
	GlobalSection(ProjectConfigurationPlatforms) = postSolution
		{6EC0E93F-B373-4CD7-83A7-1F47586596DE}.Debug|Any CPU.ActiveCfg = Debug|Any CPU
		{6EC0E93F-B373-4CD7-83A7-1F47586596DE}.Debug|Any CPU.Build.0 = Debug|Any CPU
		{6EC0E93F-B373-4CD7-83A7-1F47586596DE}.Release|Any CPU.ActiveCfg = Release|Any CPU
		{6EC0E93F-B373-4CD7-83A7-1F47586596DE}.Release|Any CPU.Build.0 = Release|Any CPU
		{599096CC-1085-4563-9FF6-75F2D89FDA37}.Debug|Any CPU.ActiveCfg = Debug|Any CPU
		{599096CC-1085-4563-9FF6-75F2D89FDA37}.Debug|Any CPU.Build.0 = Debug|Any CPU
		{599096CC-1085-4563-9FF6-75F2D89FDA37}.Release|Any CPU.ActiveCfg = Release|Any CPU
		{599096CC-1085-4563-9FF6-75F2D89FDA37}.Release|Any CPU.Build.0 = Release|Any CPU
		{58B79657-7F28-4F11-BB29-810D37DC2D30}.Debug|Any CPU.ActiveCfg = Debug|Any CPU
		{58B79657-7F28-4F11-BB29-810D37DC2D30}.Debug|Any CPU.Build.0 = Debug|Any CPU
		{58B79657-7F28-4F11-BB29-810D37DC2D30}.Release|Any CPU.ActiveCfg = Release|Any CPU
		{58B79657-7F28-4F11-BB29-810D37DC2D30}.Release|Any CPU.Build.0 = Release|Any CPU
		{866481AA-701B-4597-8E83-8367E2AF53A7}.Debug|Any CPU.ActiveCfg = Debug|Any CPU
		{866481AA-701B-4597-8E83-8367E2AF53A7}.Debug|Any CPU.Build.0 = Debug|Any CPU
		{866481AA-701B-4597-8E83-8367E2AF53A7}.Release|Any CPU.ActiveCfg = Release|Any CPU
		{866481AA-701B-4597-8E83-8367E2AF53A7}.Release|Any CPU.Build.0 = Release|Any CPU
	EndGlobalSection
	GlobalSection(SolutionProperties) = preSolution
		HideSolutionNode = FALSE
	EndGlobalSection
	GlobalSection(ExtensibilityGlobals) = postSolution
		SolutionGuid = {0BFB5CE0-F59A-4184-939B-6261A9EEA870}
	EndGlobalSection
EndGlobal
